
Microsoft Visual Studio Solution File, Format Version 12.00
# Visual Studio 14
VisualStudioVersion = 14.0.25123.0
MinimumVisualStudioVersion = 10.0.40219.1
Project("{FAE04EC0-301F-11D3-BF4B-00C04F79EFBC}") = "WindowsFormsApplication1", "WindowsFormsApplication1\WindowsFormsApplication1.csproj", "{8637472D-B57A-4122-B310-DB31F87EA3E3}"
EndProject
Project("{F088123C-0E9E-452A-89E6-6BA2F21D5CAC}") = "ModelingProject1", "ModelingProject1\ModelingProject1.modelproj", "{524BC384-16BA-492D-855B-DBBFEDA65D8E}"
EndProject
Global
	GlobalSection(SolutionConfigurationPlatforms) = preSolution
		Debug|Any CPU = Debug|Any CPU
		Release|Any CPU = Release|Any CPU
	EndGlobalSection
	GlobalSection(ProjectConfigurationPlatforms) = postSolution
		{8637472D-B57A-4122-B310-DB31F87EA3E3}.Debug|Any CPU.ActiveCfg = Debug|Any CPU
		{8637472D-B57A-4122-B310-DB31F87EA3E3}.Debug|Any CPU.Build.0 = Debug|Any CPU
		{8637472D-B57A-4122-B310-DB31F87EA3E3}.Release|Any CPU.ActiveCfg = Release|Any CPU
		{8637472D-B57A-4122-B310-DB31F87EA3E3}.Release|Any CPU.Build.0 = Release|Any CPU
		{524BC384-16BA-492D-855B-DBBFEDA65D8E}.Debug|Any CPU.ActiveCfg = Debug|Any CPU
		{524BC384-16BA-492D-855B-DBBFEDA65D8E}.Debug|Any CPU.Build.0 = Debug|Any CPU
		{524BC384-16BA-492D-855B-DBBFEDA65D8E}.Release|Any CPU.ActiveCfg = Release|Any CPU
		{524BC384-16BA-492D-855B-DBBFEDA65D8E}.Release|Any CPU.Build.0 = Release|Any CPU
	EndGlobalSection
	GlobalSection(SolutionProperties) = preSolution
		HideSolutionNode = FALSE
	EndGlobalSection
EndGlobal
